<?xml version="1.0" encoding="utf-8"?>
<Project ToolsVersion="4.0" xmlns="http://schemas.microsoft.com/developer/msbuild/2003">
  <ItemGroup>
    <Filter Include="Source Files">
      <UniqueIdentifier>{4FC737F1-C7A5-4376-A066-2A32D752A2FF}</UniqueIdentifier>
      <Extensions>cpp;c;cc;cxx;c++;cppm;ixx;def;odl;idl;hpj;bat;asm;asmx</Extensions>
    </Filter>
    <Filter Include="Header Files">
      <UniqueIdentifier>{93995380-89BD-4b04-88EB-625FBE52EBFB}</UniqueIdentifier>
      <Extensions>h;hh;hpp;hxx;h++;hm;inl;inc;ipp;xsd</Extensions>
    </Filter>
    <Filter Include="Resource Files">
      <UniqueIdentifier>{67DA6AB6-F800-4c08-8B7A-83BB121AAD01}</UniqueIdentifier>
      <Extensions>rc;ico;cur;bmp;dlg;rc2;rct;bin;rgs;gif;jpg;jpeg;jpe;resx;tiff;tif;png;wav;mfcribbon-ms</Extensions>
    </Filter>
    <Filter Include="json">
      <UniqueIdentifier>{0f2fc187-dbea-4f9b-ba6a-27bd75ba7b3a}</UniqueIdentifier>
    </Filter>
    <Filter Include="ChatGPT">
      <UniqueIdentifier>{80621d79-5683-4bc4-b3d4-69069c35dd4e}</UniqueIdentifier>
    </Filter>
    <Filter Include="ElevenLabs">
      <UniqueIdentifier>{a4fc6086-dbae-4cd9-be61-3f93eca252fd}</UniqueIdentifier>
    </Filter>
    <Filter Include="IniParser">
      <UniqueIdentifier>{db04f7b3-ceb7-461f-88d4-595d8ca03025}</UniqueIdentifier>
    </Filter>
  </ItemGroup>
  <ItemGroup>
    <ClInclude Include="cApp.h">
      <Filter>Header Files</Filter>
    </ClInclude>
    <ClInclude Include="ChatWindow.h">
      <Filter>Header Files</Filter>
    </ClInclude>
    <ClInclude Include="json.hpp">
      <Filter>json</Filter>
    </ClInclude>
    <ClInclude Include="json_fwd.hpp">
      <Filter>json</Filter>
    </ClInclude>
    <ClInclude Include="ChatGPT.hpp">
      <Filter>ChatGPT</Filter>
    </ClInclude>
    <ClInclude Include="ElevenLabs.hpp">
      <Filter>ElevenLabs</Filter>
    </ClInclude>
    <ClInclude Include="IniParser.hpp">
      <Filter>IniParser</Filter>
    </ClInclude>
    <ClInclude Include="resource.h">
      <Filter>Header Files</Filter>
    </ClInclude>
  </ItemGroup>
  <ItemGroup>
    <ClCompile Include="cApp.cpp">
      <Filter>Source Files</Filter>
    </ClCompile>
    <ClCompile Include="ChatWindow.cpp">
      <Filter>Source Files</Filter>
    </ClCompile>
  </ItemGroup>
  <ItemGroup>
    <None Include="packages.config" />
    <None Include="api.ini" />
  </ItemGroup>
  <ItemGroup>
    <Image Include="..\x64\Release\ai.ico">
      <Filter>Resource Files</Filter>
    </Image>
  </ItemGroup>
  <ItemGroup>
    <ResourceCompile Include="ChatGPT.rc">
      <Filter>Resource Files</Filter>
    </ResourceCompile>
  </ItemGroup>
  <ItemGroup>
    <Text Include="tparty.txt">
      <Filter>Resource Files</Filter>
    </Text>
  </ItemGroup>
</Project>